
Microsoft Visual Studio Solution File, Format Version 12.00
# Visual Studio Version 17
VisualStudioVersion = 17.5.33424.131
MinimumVisualStudioVersion = 10.0.40219.1
Project("{FAE04EC0-301F-11D3-BF4B-00C04F79EFBC}") = "LeetCodeTests", "LeetCodeTests\LeetCodeTests.csproj", "{448CA3B9-E3A2-406B-8748-D136BE5BC3C6}"
EndProject
Project("{FAE04EC0-301F-11D3-BF4B-00C04F79EFBC}") = "LeetCodeSolutions", "LeetCodeSolutions\LeetCodeSolutions.csproj", "{2C54851F-3B38-4196-A987-65E5E2E65390}"
EndProject
Global
	GlobalSection(SolutionConfigurationPlatforms) = preSolution
		Debug|Any CPU = Debug|Any CPU
		Release|Any CPU = Release|Any CPU
	EndGlobalSection
	GlobalSection(ProjectConfigurationPlatforms) = postSolution
		{448CA3B9-E3A2-406B-8748-D136BE5BC3C6}.Debug|Any CPU.ActiveCfg = Debug|Any CPU
		{448CA3B9-E3A2-406B-8748-D136BE5BC3C6}.Debug|Any CPU.Build.0 = Debug|Any CPU
		{448CA3B9-E3A2-406B-8748-D136BE5BC3C6}.Release|Any CPU.ActiveCfg = Release|Any CPU
		{448CA3B9-E3A2-406B-8748-D136BE5BC3C6}.Release|Any CPU.Build.0 = Release|Any CPU
		{2C54851F-3B38-4196-A987-65E5E2E65390}.Debug|Any CPU.ActiveCfg = Debug|Any CPU
		{2C54851F-3B38-4196-A987-65E5E2E65390}.Debug|Any CPU.Build.0 = Debug|Any CPU
		{2C54851F-3B38-4196-A987-65E5E2E65390}.Release|Any CPU.ActiveCfg = Release|Any CPU
		{2C54851F-3B38-4196-A987-65E5E2E65390}.Release|Any CPU.Build.0 = Release|Any CPU
	EndGlobalSection
	GlobalSection(SolutionProperties) = preSolution
		HideSolutionNode = FALSE
	EndGlobalSection
	GlobalSection(ExtensibilityGlobals) = postSolution
		SolutionGuid = {50A8756B-4462-4E62-84C2-AE64860D6C69}
	EndGlobalSection
EndGlobal
